
Microsoft Visual Studio Solution File, Format Version 12.00
# Visual Studio Version 16
VisualStudioVersion = 16.0.31911.196
MinimumVisualStudioVersion = 10.0.40219.1
Project("{2150E333-8FDC-42A3-9474-1A3956D46DE8}") = "Services", "Services", "{67C587C5-2981-4E5B-8ECB-040489F790D2}"
EndProject
Project("{2150E333-8FDC-42A3-9474-1A3956D46DE8}") = "Catalog", "Catalog", "{54174C3F-B283-4305-BBD5-A588447A6ADB}"
EndProject
Project("{9A19103F-16F7-4668-BE54-9A1E7A4F7556}") = "Catalog.API", "Services\Catalog\Catalog.API\Catalog.API.csproj", "{672D622E-EB75-4EB2-A242-0A281BFA456F}"
EndProject
Project("{E53339B2-1760-4266-BCC7-CA923CBCF16C}") = "docker-compose", "docker-compose.dcproj", "{943DF967-7731-4C62-A203-DC031845301D}"
EndProject
Project("{2150E333-8FDC-42A3-9474-1A3956D46DE8}") = "Basket", "Basket", "{2D8761BB-C154-4B26-89C4-CBDE696BE0A5}"
EndProject
Project("{9A19103F-16F7-4668-BE54-9A1E7A4F7556}") = "Basket.API", "Services\Basket\Basket.API\Basket.API.csproj", "{33B66828-DD80-443A-B9B5-4D27972D630C}"
EndProject
Project("{2150E333-8FDC-42A3-9474-1A3956D46DE8}") = "Discount", "Discount", "{99552C23-424F-441A-92EF-6AA5C7C9ECAE}"
EndProject
Project("{9A19103F-16F7-4668-BE54-9A1E7A4F7556}") = "Discount.API", "Services\Discount\Discount.API\Discount.API.csproj", "{5DC74D33-597E-46D4-B6C9-E24F1070313A}"
EndProject
Project("{9A19103F-16F7-4668-BE54-9A1E7A4F7556}") = "Discount.Grpc", "Services\Discount\Discount.Grpc\Discount.Grpc.csproj", "{6B66D39B-0AEF-4893-9A65-750910F13A5A}"
EndProject
Project("{2150E333-8FDC-42A3-9474-1A3956D46DE8}") = "Ordering", "Ordering", "{81FB78B5-3706-41C6-87EE-B94461C16B0E}"
EndProject
Project("{FAE04EC0-301F-11D3-BF4B-00C04F79EFBC}") = "Ordering.API", "Services\Ordering\Ordering.API\Ordering.API.csproj", "{37A19DBF-C06F-4A73-85BA-CEE6AA418D52}"
EndProject
Project("{FAE04EC0-301F-11D3-BF4B-00C04F79EFBC}") = "Ordering.Infrastructure", "Services\Ordering\Ordering.Infrastructure\Ordering.Infrastructure.csproj", "{4A363C78-1960-4EB2-B216-972379188E0A}"
EndProject
Project("{FAE04EC0-301F-11D3-BF4B-00C04F79EFBC}") = "Ordering.Domain", "Services\Ordering\Ordering.Domain\Ordering.Domain.csproj", "{2543FC64-EE7F-4AC7-865E-55397B509C10}"
EndProject
Project("{FAE04EC0-301F-11D3-BF4B-00C04F79EFBC}") = "Ordering.Application", "Services\Ordering\Ordering.Application\Ordering.Application.csproj", "{A59CF855-167E-40AA-8B8E-212A66ABAEA9}"
EndProject
Global
	GlobalSection(SolutionConfigurationPlatforms) = preSolution
		Debug|Any CPU = Debug|Any CPU
		Release|Any CPU = Release|Any CPU
	EndGlobalSection
	GlobalSection(ProjectConfigurationPlatforms) = postSolution
		{672D622E-EB75-4EB2-A242-0A281BFA456F}.Debug|Any CPU.ActiveCfg = Debug|Any CPU
		{672D622E-EB75-4EB2-A242-0A281BFA456F}.Debug|Any CPU.Build.0 = Debug|Any CPU
		{672D622E-EB75-4EB2-A242-0A281BFA456F}.Release|Any CPU.ActiveCfg = Release|Any CPU
		{672D622E-EB75-4EB2-A242-0A281BFA456F}.Release|Any CPU.Build.0 = Release|Any CPU
		{943DF967-7731-4C62-A203-DC031845301D}.Debug|Any CPU.ActiveCfg = Debug|Any CPU
		{943DF967-7731-4C62-A203-DC031845301D}.Debug|Any CPU.Build.0 = Debug|Any CPU
		{943DF967-7731-4C62-A203-DC031845301D}.Release|Any CPU.ActiveCfg = Release|Any CPU
		{943DF967-7731-4C62-A203-DC031845301D}.Release|Any CPU.Build.0 = Release|Any CPU
		{33B66828-DD80-443A-B9B5-4D27972D630C}.Debug|Any CPU.ActiveCfg = Debug|Any CPU
		{33B66828-DD80-443A-B9B5-4D27972D630C}.Debug|Any CPU.Build.0 = Debug|Any CPU
		{33B66828-DD80-443A-B9B5-4D27972D630C}.Release|Any CPU.ActiveCfg = Release|Any CPU
		{33B66828-DD80-443A-B9B5-4D27972D630C}.Release|Any CPU.Build.0 = Release|Any CPU
		{5DC74D33-597E-46D4-B6C9-E24F1070313A}.Debug|Any CPU.ActiveCfg = Debug|Any CPU
		{5DC74D33-597E-46D4-B6C9-E24F1070313A}.Debug|Any CPU.Build.0 = Debug|Any CPU
		{5DC74D33-597E-46D4-B6C9-E24F1070313A}.Release|Any CPU.ActiveCfg = Release|Any CPU
		{5DC74D33-597E-46D4-B6C9-E24F1070313A}.Release|Any CPU.Build.0 = Release|Any CPU
		{6B66D39B-0AEF-4893-9A65-750910F13A5A}.Debug|Any CPU.ActiveCfg = Debug|Any CPU
		{6B66D39B-0AEF-4893-9A65-750910F13A5A}.Debug|Any CPU.Build.0 = Debug|Any CPU
		{6B66D39B-0AEF-4893-9A65-750910F13A5A}.Release|Any CPU.ActiveCfg = Release|Any CPU
		{6B66D39B-0AEF-4893-9A65-750910F13A5A}.Release|Any CPU.Build.0 = Release|Any CPU
		{37A19DBF-C06F-4A73-85BA-CEE6AA418D52}.Debug|Any CPU.ActiveCfg = Debug|Any CPU
		{37A19DBF-C06F-4A73-85BA-CEE6AA418D52}.Debug|Any CPU.Build.0 = Debug|Any CPU
		{37A19DBF-C06F-4A73-85BA-CEE6AA418D52}.Release|Any CPU.ActiveCfg = Release|Any CPU
		{37A19DBF-C06F-4A73-85BA-CEE6AA418D52}.Release|Any CPU.Build.0 = Release|Any CPU
		{4A363C78-1960-4EB2-B216-972379188E0A}.Debug|Any CPU.ActiveCfg = Debug|Any CPU
		{4A363C78-1960-4EB2-B216-972379188E0A}.Debug|Any CPU.Build.0 = Debug|Any CPU
		{4A363C78-1960-4EB2-B216-972379188E0A}.Release|Any CPU.ActiveCfg = Release|Any CPU
		{4A363C78-1960-4EB2-B216-972379188E0A}.Release|Any CPU.Build.0 = Release|Any CPU
		{2543FC64-EE7F-4AC7-865E-55397B509C10}.Debug|Any CPU.ActiveCfg = Debug|Any CPU
		{2543FC64-EE7F-4AC7-865E-55397B509C10}.Debug|Any CPU.Build.0 = Debug|Any CPU
		{2543FC64-EE7F-4AC7-865E-55397B509C10}.Release|Any CPU.ActiveCfg = Release|Any CPU
		{2543FC64-EE7F-4AC7-865E-55397B509C10}.Release|Any CPU.Build.0 = Release|Any CPU
		{A59CF855-167E-40AA-8B8E-212A66ABAEA9}.Debug|Any CPU.ActiveCfg = Debug|Any CPU
		{A59CF855-167E-40AA-8B8E-212A66ABAEA9}.Debug|Any CPU.Build.0 = Debug|Any CPU
		{A59CF855-167E-40AA-8B8E-212A66ABAEA9}.Release|Any CPU.ActiveCfg = Release|Any CPU
		{A59CF855-167E-40AA-8B8E-212A66ABAEA9}.Release|Any CPU.Build.0 = Release|Any CPU
	EndGlobalSection
	GlobalSection(SolutionProperties) = preSolution
		HideSolutionNode = FALSE
	EndGlobalSection
	GlobalSection(NestedProjects) = preSolution
		{54174C3F-B283-4305-BBD5-A588447A6ADB} = {67C587C5-2981-4E5B-8ECB-040489F790D2}
		{672D622E-EB75-4EB2-A242-0A281BFA456F} = {54174C3F-B283-4305-BBD5-A588447A6ADB}
		{2D8761BB-C154-4B26-89C4-CBDE696BE0A5} = {67C587C5-2981-4E5B-8ECB-040489F790D2}
		{33B66828-DD80-443A-B9B5-4D27972D630C} = {2D8761BB-C154-4B26-89C4-CBDE696BE0A5}
		{99552C23-424F-441A-92EF-6AA5C7C9ECAE} = {67C587C5-2981-4E5B-8ECB-040489F790D2}
		{5DC74D33-597E-46D4-B6C9-E24F1070313A} = {99552C23-424F-441A-92EF-6AA5C7C9ECAE}
		{6B66D39B-0AEF-4893-9A65-750910F13A5A} = {99552C23-424F-441A-92EF-6AA5C7C9ECAE}
		{81FB78B5-3706-41C6-87EE-B94461C16B0E} = {67C587C5-2981-4E5B-8ECB-040489F790D2}
		{37A19DBF-C06F-4A73-85BA-CEE6AA418D52} = {81FB78B5-3706-41C6-87EE-B94461C16B0E}
		{4A363C78-1960-4EB2-B216-972379188E0A} = {81FB78B5-3706-41C6-87EE-B94461C16B0E}
		{2543FC64-EE7F-4AC7-865E-55397B509C10} = {81FB78B5-3706-41C6-87EE-B94461C16B0E}
		{A59CF855-167E-40AA-8B8E-212A66ABAEA9} = {81FB78B5-3706-41C6-87EE-B94461C16B0E}
	EndGlobalSection
	GlobalSection(ExtensibilityGlobals) = postSolution
		SolutionGuid = {F105C17A-4CC2-4285-8BE3-B694CE019AA9}
	EndGlobalSection
EndGlobal
