
Microsoft Visual Studio Solution File, Format Version 12.00
# Visual Studio Version 16
VisualStudioVersion = 16.0.31911.196
MinimumVisualStudioVersion = 10.0.40219.1
Project("{2150E333-8FDC-42A3-9474-1A3956D46DE8}") = "Services", "Services", "{67C587C5-2981-4E5B-8ECB-040489F790D2}"
EndProject
Project("{2150E333-8FDC-42A3-9474-1A3956D46DE8}") = "Catalog", "Catalog", "{54174C3F-B283-4305-BBD5-A588447A6ADB}"
EndProject
Project("{9A19103F-16F7-4668-BE54-9A1E7A4F7556}") = "Catalog.API", "Services\Catalog\Catalog.API\Catalog.API.csproj", "{672D622E-EB75-4EB2-A242-0A281BFA456F}"
EndProject
Project("{E53339B2-1760-4266-BCC7-CA923CBCF16C}") = "docker-compose", "docker-compose.dcproj", "{943DF967-7731-4C62-A203-DC031845301D}"
EndProject
Project("{2150E333-8FDC-42A3-9474-1A3956D46DE8}") = "Basket", "Basket", "{2D8761BB-C154-4B26-89C4-CBDE696BE0A5}"
EndProject
Project("{FAE04EC0-301F-11D3-BF4B-00C04F79EFBC}") = "Basket.API", "Services\Basket\Basket.API\Basket.API.csproj", "{33B66828-DD80-443A-B9B5-4D27972D630C}"
EndProject
Global
	GlobalSection(SolutionConfigurationPlatforms) = preSolution
		Debug|Any CPU = Debug|Any CPU
		Release|Any CPU = Release|Any CPU
	EndGlobalSection
	GlobalSection(ProjectConfigurationPlatforms) = postSolution
		{672D622E-EB75-4EB2-A242-0A281BFA456F}.Debug|Any CPU.ActiveCfg = Debug|Any CPU
		{672D622E-EB75-4EB2-A242-0A281BFA456F}.Debug|Any CPU.Build.0 = Debug|Any CPU
		{672D622E-EB75-4EB2-A242-0A281BFA456F}.Release|Any CPU.ActiveCfg = Release|Any CPU
		{672D622E-EB75-4EB2-A242-0A281BFA456F}.Release|Any CPU.Build.0 = Release|Any CPU
		{943DF967-7731-4C62-A203-DC031845301D}.Debug|Any CPU.ActiveCfg = Debug|Any CPU
		{943DF967-7731-4C62-A203-DC031845301D}.Debug|Any CPU.Build.0 = Debug|Any CPU
		{943DF967-7731-4C62-A203-DC031845301D}.Release|Any CPU.ActiveCfg = Release|Any CPU
		{943DF967-7731-4C62-A203-DC031845301D}.Release|Any CPU.Build.0 = Release|Any CPU
		{33B66828-DD80-443A-B9B5-4D27972D630C}.Debug|Any CPU.ActiveCfg = Debug|Any CPU
		{33B66828-DD80-443A-B9B5-4D27972D630C}.Debug|Any CPU.Build.0 = Debug|Any CPU
		{33B66828-DD80-443A-B9B5-4D27972D630C}.Release|Any CPU.ActiveCfg = Release|Any CPU
		{33B66828-DD80-443A-B9B5-4D27972D630C}.Release|Any CPU.Build.0 = Release|Any CPU
	EndGlobalSection
	GlobalSection(SolutionProperties) = preSolution
		HideSolutionNode = FALSE
	EndGlobalSection
	GlobalSection(NestedProjects) = preSolution
		{54174C3F-B283-4305-BBD5-A588447A6ADB} = {67C587C5-2981-4E5B-8ECB-040489F790D2}
		{672D622E-EB75-4EB2-A242-0A281BFA456F} = {54174C3F-B283-4305-BBD5-A588447A6ADB}
		{2D8761BB-C154-4B26-89C4-CBDE696BE0A5} = {67C587C5-2981-4E5B-8ECB-040489F790D2}
		{33B66828-DD80-443A-B9B5-4D27972D630C} = {2D8761BB-C154-4B26-89C4-CBDE696BE0A5}
	EndGlobalSection
	GlobalSection(ExtensibilityGlobals) = postSolution
		SolutionGuid = {F105C17A-4CC2-4285-8BE3-B694CE019AA9}
	EndGlobalSection
EndGlobal
